
Microsoft Visual Studio Solution File, Format Version 12.00
# Visual Studio Version 17
VisualStudioVersion = 17.7.34221.43
MinimumVisualStudioVersion = 10.0.40219.1
Project("{FAE04EC0-301F-11D3-BF4B-00C04F79EFBC}") = "SpiralWaveHub", "SpiralWaveHub\SpiralWaveHub.csproj", "{BEB2598A-33DE-494C-894A-7CE9775CBC3A}"
EndProject
Global
	GlobalSection(SolutionConfigurationPlatforms) = preSolution
		Debug|Any CPU = Debug|Any CPU
		Release|Any CPU = Release|Any CPU
	EndGlobalSection
	GlobalSection(ProjectConfigurationPlatforms) = postSolution
		{BEB2598A-33DE-494C-894A-7CE9775CBC3A}.Debug|Any CPU.ActiveCfg = Debug|Any CPU
		{BEB2598A-33DE-494C-894A-7CE9775CBC3A}.Debug|Any CPU.Build.0 = Debug|Any CPU
		{BEB2598A-33DE-494C-894A-7CE9775CBC3A}.Release|Any CPU.ActiveCfg = Release|Any CPU
		{BEB2598A-33DE-494C-894A-7CE9775CBC3A}.Release|Any CPU.Build.0 = Release|Any CPU
	EndGlobalSection
	GlobalSection(SolutionProperties) = preSolution
		HideSolutionNode = FALSE
	EndGlobalSection
	GlobalSection(ExtensibilityGlobals) = postSolution
		SolutionGuid = {328CD37D-DD1A-4925-A232-763F8D0EC052}
	EndGlobalSection
EndGlobal
